
Microsoft Visual Studio Solution File, Format Version 12.00
# Visual Studio Express 2012 for Windows Desktop
Project("{FAE04EC0-301F-11D3-BF4B-00C04F79EFBC}") = "AlbumYearFinderThing", "AlbumYearFinderThing.csproj", "{C353E9E2-1013-4802-BB62-A3C68C3CFA49}"
EndProject
Global
	GlobalSection(SolutionConfigurationPlatforms) = preSolution
		Debug|Any CPU = Debug|Any CPU
		Release|Any CPU = Release|Any CPU
	EndGlobalSection
	GlobalSection(ProjectConfigurationPlatforms) = postSolution
		{C353E9E2-1013-4802-BB62-A3C68C3CFA49}.Debug|Any CPU.ActiveCfg = Debug|Any CPU
		{C353E9E2-1013-4802-BB62-A3C68C3CFA49}.Debug|Any CPU.Build.0 = Debug|Any CPU
		{C353E9E2-1013-4802-BB62-A3C68C3CFA49}.Release|Any CPU.ActiveCfg = Release|Any CPU
		{C353E9E2-1013-4802-BB62-A3C68C3CFA49}.Release|Any CPU.Build.0 = Release|Any CPU
	EndGlobalSection
	GlobalSection(SolutionProperties) = preSolution
		HideSolutionNode = FALSE
	EndGlobalSection
EndGlobal
